
Microsoft Visual Studio Solution File, Format Version 12.00
# Visual Studio 2013
VisualStudioVersion = 12.0.21005.1
MinimumVisualStudioVersion = 10.0.40219.1
Project("{2150E333-8FDC-42A3-9474-1A3956D46DE8}") = "SolutionItems", "SolutionItems", "{B872D5C6-22C7-4C39-AC08-7579AD0A3EA5}"
	ProjectSection(SolutionItems) = preProject
		SolutionItems\leoxia.public.snk = SolutionItems\leoxia.public.snk
		LICENSE = LICENSE
		SolutionItems\lx.targets = SolutionItems\lx.targets
		README.md = README.md
		SolutionItems\SolutionInfo.cs = SolutionItems\SolutionInfo.cs
		SolutionItems\TODO.txt = SolutionItems\TODO.txt
	EndProjectSection
EndProject
Project("{2150E333-8FDC-42A3-9474-1A3956D46DE8}") = "Samples", "Samples", "{15C07402-B855-4381-A4B3-D2FB0B8B2616}"
EndProject
Project("{FAE04EC0-301F-11D3-BF4B-00C04F79EFBC}") = "Lx.Samples.Db.MySql.NH", "Lx.Samples\Lx.Samples.Db\Lx.Samples.Db.MySql.NH\Lx.Samples.Db.MySql.NH.csproj", "{615C199C-19F1-4498-963D-053E626B633B}"
EndProject
Project("{FAE04EC0-301F-11D3-BF4B-00C04F79EFBC}") = "Lx.Samples.Web.Scraper", "Lx.Samples\Lx.Samples.Web\Lx.Samples.Web.Scraper\Lx.Samples.Web.Scraper.csproj", "{89B315F5-5EF9-4D84-B31E-39DF4D20A096}"
EndProject
Project("{FAE04EC0-301F-11D3-BF4B-00C04F79EFBC}") = "Lx.Samples.Db.MySql.EF", "Lx.Samples\Lx.Samples.Db\Lx.Samples.Db.MySql.EF\Lx.Samples.Db.MySql.EF.csproj", "{4D62008C-4FC9-4E4E-828C-91C6AF8D4DF4}"
EndProject
Project("{FAE04EC0-301F-11D3-BF4B-00C04F79EFBC}") = "Lx.Samples.Framework.Tests", "Lx.Samples\Lx.Samples.Framework\Lx.Samples.Framework.Tests\Lx.Samples.Framework.Tests.csproj", "{549793E2-89D8-4B27-AB5D-394E4415BA85}"
EndProject
Project("{2150E333-8FDC-42A3-9474-1A3956D46DE8}") = "Tools", "Tools", "{74BC8865-C98A-46F5-AEED-FAF3FAE69AB9}"
EndProject
Project("{FAE04EC0-301F-11D3-BF4B-00C04F79EFBC}") = "Lx.Tools.Assemblies.Compare", "Lx.Tools\Lx.Tools.Assemblies\Lx.Tools.Assemblies.Compare\Lx.Tools.Assemblies.Compare.csproj", "{693EB31C-CCDD-40C4-9E32-D5E4BB680D82}"
EndProject
Project("{FAE04EC0-301F-11D3-BF4B-00C04F79EFBC}") = "Lx.Tools.Assemblies.Tests", "Lx.Tools\Lx.Tools.Assemblies\Lx.Tools.Assemblies.Tests\Lx.Tools.Assemblies.Tests.csproj", "{D2B4BF5C-4783-4865-9616-893269C3EA80}"
EndProject
Project("{FAE04EC0-301F-11D3-BF4B-00C04F79EFBC}") = "Lx.Tools.Common", "Lx.Tools\Lx.Tools.Common\Lx.Tools.Common\Lx.Tools.Common.csproj", "{38B7BAB4-345D-47A2-BAA2-274B9320E6A0}"
EndProject
Project("{FAE04EC0-301F-11D3-BF4B-00C04F79EFBC}") = "Lx.Tools.Common.Tests", "Lx.Tools\Lx.Tools.Common\Lx.Tools.Common.Tests\Lx.Tools.Common.Tests.csproj", "{A94546EB-1DFC-463E-9B26-C17E4B9DBC7F}"
EndProject
Project("{FAE04EC0-301F-11D3-BF4B-00C04F79EFBC}") = "Lx.Tools.Projects.SourceDump", "Lx.Tools\Lx.Tools.Projects\Lx.Tools.Projects.SourceDump\Lx.Tools.Projects.SourceDump.csproj", "{6656E24C-B3E7-4331-9012-009F892E15D0}"
EndProject
Project("{FAE04EC0-301F-11D3-BF4B-00C04F79EFBC}") = "Lx.Tools.Projects.Sync", "Lx.Tools\Lx.Tools.Projects\Lx.Tools.Projects.Sync\Lx.Tools.Projects.Sync.csproj", "{D35153E9-4453-471E-9A5B-21265EF9399D}"
EndProject
Project("{FAE04EC0-301F-11D3-BF4B-00C04F79EFBC}") = "Lx.Tools.Projects.Tests", "Lx.Tools\Lx.Tools.Projects\Lx.Tools.Projects.Tests\Lx.Tools.Projects.Tests.csproj", "{830529CD-36CB-4997-9270-A723721FCD67}"
EndProject
Project("{2150E333-8FDC-42A3-9474-1A3956D46DE8}") = "Tests", "Tests", "{C280D57F-CBB6-4E60-9DE4-DC0B1B1C4E99}"
EndProject
Project("{FAE04EC0-301F-11D3-BF4B-00C04F79EFBC}") = "Lx.Tools.Tests.Reflection.Tests", "Lx.Tools\Lx.Tools.Tests\Lx.Tools.Tests.Reflection.Tests\Lx.Tools.Tests.Reflection.Tests.csproj", "{3C66E8FA-6FC2-4E02-8E3B-C3B32E3C7CF3}"
EndProject
Project("{FAE04EC0-301F-11D3-BF4B-00C04F79EFBC}") = "Lx.Tools.Tests.Reflection", "Lx.Tools\Lx.Tools.Tests\Lx.Tools.Tests.Reflection\Lx.Tools.Tests.Reflection.csproj", "{0DD28C19-DFC3-4243-8110-E09C0E10E8B2}"
EndProject
Project("{2150E333-8FDC-42A3-9474-1A3956D46DE8}") = ".nuget", ".nuget", "{855B7D3D-15B5-4967-89DC-2EEE31CDA363}"
EndProject
Project("{FAE04EC0-301F-11D3-BF4B-00C04F79EFBC}") = "Lx.Web.Common", "Lx.Web\Lx.Web.Common\Lx.Web.Common.csproj", "{01CD164A-6F79-42CC-8B65-A969B1E4E1BC}"
EndProject
Project("{2150E333-8FDC-42A3-9474-1A3956D46DE8}") = "Web", "Web", "{9717DBE2-0C68-45BF-BE68-4B7F216CB790}"
EndProject
Project("{FAE04EC0-301F-11D3-BF4B-00C04F79EFBC}") = "Lx.Web.Browser", "Lx.Web\Lx.Web.Browser\Lx.Web.Browser.csproj", "{E3CAC669-319F-4CE3-9A49-BAA2CCFB7A91}"
EndProject
Project("{FAE04EC0-301F-11D3-BF4B-00C04F79EFBC}") = "Lx.Tools.Performance", "Lx.Tools\Lx.Tools.Performance\Lx.Tools.Performance.csproj", "{F93DC759-9432-4CB9-B1F8-1529DE84B338}"
EndProject
Project("{FAE04EC0-301F-11D3-BF4B-00C04F79EFBC}") = "Lx.Tools.Reflection.Performance.Tester", "Lx.Tools\Lx.Tools.Reflection.Performance.Tester\Lx.Tools.Reflection.Performance.Tester.csproj", "{F7E8F092-8FA1-4217-AEC1-DABA380AFED4}"
EndProject
Project("{FAE04EC0-301F-11D3-BF4B-00C04F79EFBC}") = "Lx.Tools.Reflection.Tests", "Lx.Tools\Lx.Tools.Reflection.Tests\Lx.Tools.Reflection.Tests.csproj", "{3CF1ECA1-C798-4B3D-891A-AA5ADF2D0262}"
EndProject
Project("{FAE04EC0-301F-11D3-BF4B-00C04F79EFBC}") = "Lx.Tools.Reflection", "Lx.Tools\Lx.Tools.Reflection\Lx.Tools.Reflection.csproj", "{77A881B9-628E-4591-8FF6-FFC81431A8D2}"
EndProject
Project("{FAE04EC0-301F-11D3-BF4B-00C04F79EFBC}") = "Lx.Web.Browser.Tests", "Lx.Web\Lx.Web.Browser.Tests\Lx.Web.Browser.Tests.csproj", "{4F197614-A5F7-4899-AE69-00EE5D21AF33}"
EndProject
Project("{FAE04EC0-301F-11D3-BF4B-00C04F79EFBC}") = "Lx.Web.Browser.As", "Lx.Web\Lx.Web.Browser.As\Lx.Web.Browser.As.csproj", "{F3D6C7A6-EED2-4157-82CE-AE82BF2B4544}"
EndProject
Project("{FAE04EC0-301F-11D3-BF4B-00C04F79EFBC}") = "Lx.Tools.Projects.Reference", "Lx.Tools\Lx.Tools.Projects\Lx.Tools.Projects.Reference\Lx.Tools.Projects.Reference.csproj", "{B3A1EE4D-B7AE-4CD0-B162-3881286EC74E}"
EndProject
Project("{FAE04EC0-301F-11D3-BF4B-00C04F79EFBC}") = "Lx.Tools.Tests.MockUnity", "Lx.Tools\Lx.Tools.Tests\Lx.Tools.Tests.MockUnity\Lx.Tools.Tests.MockUnity.csproj", "{B9378E41-A9A9-46BB-9A24-7823D7297330}"
EndProject
Project("{FAE04EC0-301F-11D3-BF4B-00C04F79EFBC}") = "Lx.Tools.Tests.MockUnity.Tests", "Lx.Tools\Lx.Tools.Tests\Lx.Tools.Tests.MockUnity.Tests\Lx.Tools.Tests.MockUnity.Tests.csproj", "{23E32DA2-5B5F-451A-9B71-53031657AD34}"
EndProject
Project("{FAE04EC0-301F-11D3-BF4B-00C04F79EFBC}") = "Lx.Tools.Files.Grep", "Lx.Tools\Lx.Tools.Files\Lx.Tools.Files.Grep\Lx.Tools.Files.Grep.csproj", "{BB0DA5CC-E11A-435E-AFE3-832F66D8A267}"
EndProject
Global
	GlobalSection(SolutionConfigurationPlatforms) = preSolution
		Debug|Any CPU = Debug|Any CPU
		Release|Any CPU = Release|Any CPU
	EndGlobalSection
	GlobalSection(ProjectConfigurationPlatforms) = postSolution
		{615C199C-19F1-4498-963D-053E626B633B}.Debug|Any CPU.ActiveCfg = Debug|Any CPU
		{615C199C-19F1-4498-963D-053E626B633B}.Debug|Any CPU.Build.0 = Debug|Any CPU
		{615C199C-19F1-4498-963D-053E626B633B}.Release|Any CPU.ActiveCfg = Release|Any CPU
		{615C199C-19F1-4498-963D-053E626B633B}.Release|Any CPU.Build.0 = Release|Any CPU
		{89B315F5-5EF9-4D84-B31E-39DF4D20A096}.Debug|Any CPU.ActiveCfg = Debug|Any CPU
		{89B315F5-5EF9-4D84-B31E-39DF4D20A096}.Debug|Any CPU.Build.0 = Debug|Any CPU
		{89B315F5-5EF9-4D84-B31E-39DF4D20A096}.Release|Any CPU.ActiveCfg = Release|Any CPU
		{89B315F5-5EF9-4D84-B31E-39DF4D20A096}.Release|Any CPU.Build.0 = Release|Any CPU
		{4D62008C-4FC9-4E4E-828C-91C6AF8D4DF4}.Debug|Any CPU.ActiveCfg = Debug|Any CPU
		{4D62008C-4FC9-4E4E-828C-91C6AF8D4DF4}.Debug|Any CPU.Build.0 = Debug|Any CPU
		{4D62008C-4FC9-4E4E-828C-91C6AF8D4DF4}.Release|Any CPU.ActiveCfg = Release|Any CPU
		{4D62008C-4FC9-4E4E-828C-91C6AF8D4DF4}.Release|Any CPU.Build.0 = Release|Any CPU
		{549793E2-89D8-4B27-AB5D-394E4415BA85}.Debug|Any CPU.ActiveCfg = Debug|Any CPU
		{549793E2-89D8-4B27-AB5D-394E4415BA85}.Debug|Any CPU.Build.0 = Debug|Any CPU
		{549793E2-89D8-4B27-AB5D-394E4415BA85}.Release|Any CPU.ActiveCfg = Release|Any CPU
		{549793E2-89D8-4B27-AB5D-394E4415BA85}.Release|Any CPU.Build.0 = Release|Any CPU
		{693EB31C-CCDD-40C4-9E32-D5E4BB680D82}.Debug|Any CPU.ActiveCfg = Debug|Any CPU
		{693EB31C-CCDD-40C4-9E32-D5E4BB680D82}.Debug|Any CPU.Build.0 = Debug|Any CPU
		{693EB31C-CCDD-40C4-9E32-D5E4BB680D82}.Release|Any CPU.ActiveCfg = Release|Any CPU
		{693EB31C-CCDD-40C4-9E32-D5E4BB680D82}.Release|Any CPU.Build.0 = Release|Any CPU
		{D2B4BF5C-4783-4865-9616-893269C3EA80}.Debug|Any CPU.ActiveCfg = Debug|Any CPU
		{D2B4BF5C-4783-4865-9616-893269C3EA80}.Debug|Any CPU.Build.0 = Debug|Any CPU
		{D2B4BF5C-4783-4865-9616-893269C3EA80}.Release|Any CPU.ActiveCfg = Release|Any CPU
		{D2B4BF5C-4783-4865-9616-893269C3EA80}.Release|Any CPU.Build.0 = Release|Any CPU
		{38B7BAB4-345D-47A2-BAA2-274B9320E6A0}.Debug|Any CPU.ActiveCfg = Debug|Any CPU
		{38B7BAB4-345D-47A2-BAA2-274B9320E6A0}.Debug|Any CPU.Build.0 = Debug|Any CPU
		{38B7BAB4-345D-47A2-BAA2-274B9320E6A0}.Release|Any CPU.ActiveCfg = Release|Any CPU
		{38B7BAB4-345D-47A2-BAA2-274B9320E6A0}.Release|Any CPU.Build.0 = Release|Any CPU
		{A94546EB-1DFC-463E-9B26-C17E4B9DBC7F}.Debug|Any CPU.ActiveCfg = Debug|Any CPU
		{A94546EB-1DFC-463E-9B26-C17E4B9DBC7F}.Debug|Any CPU.Build.0 = Debug|Any CPU
		{A94546EB-1DFC-463E-9B26-C17E4B9DBC7F}.Release|Any CPU.ActiveCfg = Release|Any CPU
		{A94546EB-1DFC-463E-9B26-C17E4B9DBC7F}.Release|Any CPU.Build.0 = Release|Any CPU
		{6656E24C-B3E7-4331-9012-009F892E15D0}.Debug|Any CPU.ActiveCfg = Debug|Any CPU
		{6656E24C-B3E7-4331-9012-009F892E15D0}.Debug|Any CPU.Build.0 = Debug|Any CPU
		{6656E24C-B3E7-4331-9012-009F892E15D0}.Release|Any CPU.ActiveCfg = Release|Any CPU
		{6656E24C-B3E7-4331-9012-009F892E15D0}.Release|Any CPU.Build.0 = Release|Any CPU
		{D35153E9-4453-471E-9A5B-21265EF9399D}.Debug|Any CPU.ActiveCfg = Debug|Any CPU
		{D35153E9-4453-471E-9A5B-21265EF9399D}.Debug|Any CPU.Build.0 = Debug|Any CPU
		{D35153E9-4453-471E-9A5B-21265EF9399D}.Release|Any CPU.ActiveCfg = Release|Any CPU
		{D35153E9-4453-471E-9A5B-21265EF9399D}.Release|Any CPU.Build.0 = Release|Any CPU
		{830529CD-36CB-4997-9270-A723721FCD67}.Debug|Any CPU.ActiveCfg = Debug|Any CPU
		{830529CD-36CB-4997-9270-A723721FCD67}.Debug|Any CPU.Build.0 = Debug|Any CPU
		{830529CD-36CB-4997-9270-A723721FCD67}.Release|Any CPU.ActiveCfg = Release|Any CPU
		{830529CD-36CB-4997-9270-A723721FCD67}.Release|Any CPU.Build.0 = Release|Any CPU
		{3C66E8FA-6FC2-4E02-8E3B-C3B32E3C7CF3}.Debug|Any CPU.ActiveCfg = Debug|Any CPU
		{3C66E8FA-6FC2-4E02-8E3B-C3B32E3C7CF3}.Debug|Any CPU.Build.0 = Debug|Any CPU
		{3C66E8FA-6FC2-4E02-8E3B-C3B32E3C7CF3}.Release|Any CPU.ActiveCfg = Release|Any CPU
		{3C66E8FA-6FC2-4E02-8E3B-C3B32E3C7CF3}.Release|Any CPU.Build.0 = Release|Any CPU
		{0DD28C19-DFC3-4243-8110-E09C0E10E8B2}.Debug|Any CPU.ActiveCfg = Debug|Any CPU
		{0DD28C19-DFC3-4243-8110-E09C0E10E8B2}.Debug|Any CPU.Build.0 = Debug|Any CPU
		{0DD28C19-DFC3-4243-8110-E09C0E10E8B2}.Release|Any CPU.ActiveCfg = Release|Any CPU
		{0DD28C19-DFC3-4243-8110-E09C0E10E8B2}.Release|Any CPU.Build.0 = Release|Any CPU
		{01CD164A-6F79-42CC-8B65-A969B1E4E1BC}.Debug|Any CPU.ActiveCfg = Debug|Any CPU
		{01CD164A-6F79-42CC-8B65-A969B1E4E1BC}.Debug|Any CPU.Build.0 = Debug|Any CPU
		{01CD164A-6F79-42CC-8B65-A969B1E4E1BC}.Release|Any CPU.ActiveCfg = Release|Any CPU
		{01CD164A-6F79-42CC-8B65-A969B1E4E1BC}.Release|Any CPU.Build.0 = Release|Any CPU
		{E3CAC669-319F-4CE3-9A49-BAA2CCFB7A91}.Debug|Any CPU.ActiveCfg = Debug|Any CPU
		{E3CAC669-319F-4CE3-9A49-BAA2CCFB7A91}.Debug|Any CPU.Build.0 = Debug|Any CPU
		{E3CAC669-319F-4CE3-9A49-BAA2CCFB7A91}.Release|Any CPU.ActiveCfg = Release|Any CPU
		{E3CAC669-319F-4CE3-9A49-BAA2CCFB7A91}.Release|Any CPU.Build.0 = Release|Any CPU
		{F93DC759-9432-4CB9-B1F8-1529DE84B338}.Debug|Any CPU.ActiveCfg = Debug|Any CPU
		{F93DC759-9432-4CB9-B1F8-1529DE84B338}.Debug|Any CPU.Build.0 = Debug|Any CPU
		{F93DC759-9432-4CB9-B1F8-1529DE84B338}.Release|Any CPU.ActiveCfg = Release|Any CPU
		{F93DC759-9432-4CB9-B1F8-1529DE84B338}.Release|Any CPU.Build.0 = Release|Any CPU
		{F7E8F092-8FA1-4217-AEC1-DABA380AFED4}.Debug|Any CPU.ActiveCfg = Debug|Any CPU
		{F7E8F092-8FA1-4217-AEC1-DABA380AFED4}.Debug|Any CPU.Build.0 = Debug|Any CPU
		{F7E8F092-8FA1-4217-AEC1-DABA380AFED4}.Release|Any CPU.ActiveCfg = Release|Any CPU
		{F7E8F092-8FA1-4217-AEC1-DABA380AFED4}.Release|Any CPU.Build.0 = Release|Any CPU
		{3CF1ECA1-C798-4B3D-891A-AA5ADF2D0262}.Debug|Any CPU.ActiveCfg = Debug|Any CPU
		{3CF1ECA1-C798-4B3D-891A-AA5ADF2D0262}.Debug|Any CPU.Build.0 = Debug|Any CPU
		{3CF1ECA1-C798-4B3D-891A-AA5ADF2D0262}.Release|Any CPU.ActiveCfg = Release|Any CPU
		{3CF1ECA1-C798-4B3D-891A-AA5ADF2D0262}.Release|Any CPU.Build.0 = Release|Any CPU
		{77A881B9-628E-4591-8FF6-FFC81431A8D2}.Debug|Any CPU.ActiveCfg = Debug|Any CPU
		{77A881B9-628E-4591-8FF6-FFC81431A8D2}.Debug|Any CPU.Build.0 = Debug|Any CPU
		{77A881B9-628E-4591-8FF6-FFC81431A8D2}.Release|Any CPU.ActiveCfg = Release|Any CPU
		{77A881B9-628E-4591-8FF6-FFC81431A8D2}.Release|Any CPU.Build.0 = Release|Any CPU
		{4F197614-A5F7-4899-AE69-00EE5D21AF33}.Debug|Any CPU.ActiveCfg = Debug|Any CPU
		{4F197614-A5F7-4899-AE69-00EE5D21AF33}.Debug|Any CPU.Build.0 = Debug|Any CPU
		{4F197614-A5F7-4899-AE69-00EE5D21AF33}.Release|Any CPU.ActiveCfg = Release|Any CPU
		{4F197614-A5F7-4899-AE69-00EE5D21AF33}.Release|Any CPU.Build.0 = Release|Any CPU
		{F3D6C7A6-EED2-4157-82CE-AE82BF2B4544}.Debug|Any CPU.ActiveCfg = Debug|Any CPU
		{F3D6C7A6-EED2-4157-82CE-AE82BF2B4544}.Debug|Any CPU.Build.0 = Debug|Any CPU
		{F3D6C7A6-EED2-4157-82CE-AE82BF2B4544}.Release|Any CPU.ActiveCfg = Release|Any CPU
		{F3D6C7A6-EED2-4157-82CE-AE82BF2B4544}.Release|Any CPU.Build.0 = Release|Any CPU
		{B3A1EE4D-B7AE-4CD0-B162-3881286EC74E}.Debug|Any CPU.ActiveCfg = Debug|Any CPU
		{B3A1EE4D-B7AE-4CD0-B162-3881286EC74E}.Debug|Any CPU.Build.0 = Debug|Any CPU
		{B3A1EE4D-B7AE-4CD0-B162-3881286EC74E}.Release|Any CPU.ActiveCfg = Release|Any CPU
		{B3A1EE4D-B7AE-4CD0-B162-3881286EC74E}.Release|Any CPU.Build.0 = Release|Any CPU
		{B9378E41-A9A9-46BB-9A24-7823D7297330}.Debug|Any CPU.ActiveCfg = Debug|Any CPU
		{B9378E41-A9A9-46BB-9A24-7823D7297330}.Debug|Any CPU.Build.0 = Debug|Any CPU
		{B9378E41-A9A9-46BB-9A24-7823D7297330}.Release|Any CPU.ActiveCfg = Release|Any CPU
		{B9378E41-A9A9-46BB-9A24-7823D7297330}.Release|Any CPU.Build.0 = Release|Any CPU
		{23E32DA2-5B5F-451A-9B71-53031657AD34}.Debug|Any CPU.ActiveCfg = Debug|Any CPU
		{23E32DA2-5B5F-451A-9B71-53031657AD34}.Debug|Any CPU.Build.0 = Debug|Any CPU
		{23E32DA2-5B5F-451A-9B71-53031657AD34}.Release|Any CPU.ActiveCfg = Release|Any CPU
		{23E32DA2-5B5F-451A-9B71-53031657AD34}.Release|Any CPU.Build.0 = Release|Any CPU
		{BB0DA5CC-E11A-435E-AFE3-832F66D8A267}.Debug|Any CPU.ActiveCfg = Debug|Any CPU
		{BB0DA5CC-E11A-435E-AFE3-832F66D8A267}.Debug|Any CPU.Build.0 = Debug|Any CPU
		{BB0DA5CC-E11A-435E-AFE3-832F66D8A267}.Release|Any CPU.ActiveCfg = Release|Any CPU
		{BB0DA5CC-E11A-435E-AFE3-832F66D8A267}.Release|Any CPU.Build.0 = Release|Any CPU
	EndGlobalSection
	GlobalSection(SolutionProperties) = preSolution
		HideSolutionNode = FALSE
	EndGlobalSection
	GlobalSection(NestedProjects) = preSolution
		{615C199C-19F1-4498-963D-053E626B633B} = {15C07402-B855-4381-A4B3-D2FB0B8B2616}
		{89B315F5-5EF9-4D84-B31E-39DF4D20A096} = {15C07402-B855-4381-A4B3-D2FB0B8B2616}
		{4D62008C-4FC9-4E4E-828C-91C6AF8D4DF4} = {15C07402-B855-4381-A4B3-D2FB0B8B2616}
		{549793E2-89D8-4B27-AB5D-394E4415BA85} = {15C07402-B855-4381-A4B3-D2FB0B8B2616}
		{693EB31C-CCDD-40C4-9E32-D5E4BB680D82} = {74BC8865-C98A-46F5-AEED-FAF3FAE69AB9}
		{D2B4BF5C-4783-4865-9616-893269C3EA80} = {74BC8865-C98A-46F5-AEED-FAF3FAE69AB9}
		{38B7BAB4-345D-47A2-BAA2-274B9320E6A0} = {74BC8865-C98A-46F5-AEED-FAF3FAE69AB9}
		{A94546EB-1DFC-463E-9B26-C17E4B9DBC7F} = {74BC8865-C98A-46F5-AEED-FAF3FAE69AB9}
		{6656E24C-B3E7-4331-9012-009F892E15D0} = {74BC8865-C98A-46F5-AEED-FAF3FAE69AB9}
		{D35153E9-4453-471E-9A5B-21265EF9399D} = {74BC8865-C98A-46F5-AEED-FAF3FAE69AB9}
		{830529CD-36CB-4997-9270-A723721FCD67} = {74BC8865-C98A-46F5-AEED-FAF3FAE69AB9}
		{3C66E8FA-6FC2-4E02-8E3B-C3B32E3C7CF3} = {74BC8865-C98A-46F5-AEED-FAF3FAE69AB9}
		{F93DC759-9432-4CB9-B1F8-1529DE84B338} = {74BC8865-C98A-46F5-AEED-FAF3FAE69AB9}
		{F7E8F092-8FA1-4217-AEC1-DABA380AFED4} = {74BC8865-C98A-46F5-AEED-FAF3FAE69AB9}
		{3CF1ECA1-C798-4B3D-891A-AA5ADF2D0262} = {74BC8865-C98A-46F5-AEED-FAF3FAE69AB9}
		{77A881B9-628E-4591-8FF6-FFC81431A8D2} = {74BC8865-C98A-46F5-AEED-FAF3FAE69AB9}
		{B3A1EE4D-B7AE-4CD0-B162-3881286EC74E} = {74BC8865-C98A-46F5-AEED-FAF3FAE69AB9}
		{BB0DA5CC-E11A-435E-AFE3-832F66D8A267} = {74BC8865-C98A-46F5-AEED-FAF3FAE69AB9}
		{0DD28C19-DFC3-4243-8110-E09C0E10E8B2} = {C280D57F-CBB6-4E60-9DE4-DC0B1B1C4E99}
		{B9378E41-A9A9-46BB-9A24-7823D7297330} = {C280D57F-CBB6-4E60-9DE4-DC0B1B1C4E99}
		{23E32DA2-5B5F-451A-9B71-53031657AD34} = {C280D57F-CBB6-4E60-9DE4-DC0B1B1C4E99}
		{01CD164A-6F79-42CC-8B65-A969B1E4E1BC} = {9717DBE2-0C68-45BF-BE68-4B7F216CB790}
		{E3CAC669-319F-4CE3-9A49-BAA2CCFB7A91} = {9717DBE2-0C68-45BF-BE68-4B7F216CB790}
		{4F197614-A5F7-4899-AE69-00EE5D21AF33} = {9717DBE2-0C68-45BF-BE68-4B7F216CB790}
		{F3D6C7A6-EED2-4157-82CE-AE82BF2B4544} = {9717DBE2-0C68-45BF-BE68-4B7F216CB790}
	EndGlobalSection
EndGlobal
