
Microsoft Visual Studio Solution File, Format Version 12.00
# Visual Studio 2013
VisualStudioVersion = 12.0.21005.1
MinimumVisualStudioVersion = 10.0.40219.1
Project("{2150E333-8FDC-42A3-9474-1A3956D46DE8}") = "Solution Items", "Solution Items", "{7CC87E18-0521-4C94-BF0E-0FFADDE5EF42}"
	ProjectSection(SolutionItems) = preProject
		..\SolutionItems\leoxia.public.snk = ..\SolutionItems\leoxia.public.snk
		..\SolutionItems\lx.targets = ..\SolutionItems\lx.targets
		SolutionInfo.cs = SolutionInfo.cs
	EndProjectSection
EndProject
Project("{FAE04EC0-301F-11D3-BF4B-00C04F79EFBC}") = "Lx.Tools.Assemblies.Compare", "Lx.Tools.Assemblies\Lx.Tools.Assemblies.Compare\Lx.Tools.Assemblies.Compare.csproj", "{693EB31C-CCDD-40C4-9E32-D5E4BB680D82}"
EndProject
Project("{FAE04EC0-301F-11D3-BF4B-00C04F79EFBC}") = "Lx.Tools.Assemblies.Tests", "Lx.Tools.Assemblies\Lx.Tools.Assemblies.Tests\Lx.Tools.Assemblies.Tests.csproj", "{D2B4BF5C-4783-4865-9616-893269C3EA80}"
EndProject
Project("{FAE04EC0-301F-11D3-BF4B-00C04F79EFBC}") = "Lx.Tools.Common", "Lx.Tools.Common\Lx.Tools.Common\Lx.Tools.Common.csproj", "{38B7BAB4-345D-47A2-BAA2-274B9320E6A0}"
EndProject
Project("{FAE04EC0-301F-11D3-BF4B-00C04F79EFBC}") = "Lx.Tools.Common.Tests", "Lx.Tools.Common\Lx.Tools.Common.Tests\Lx.Tools.Common.Tests.csproj", "{A94546EB-1DFC-463E-9B26-C17E4B9DBC7F}"
EndProject
Project("{FAE04EC0-301F-11D3-BF4B-00C04F79EFBC}") = "Lx.Tools.Projects.SourceDump", "Lx.Tools.Projects\Lx.Tools.Projects.SourceDump\Lx.Tools.Projects.SourceDump.csproj", "{6656E24C-B3E7-4331-9012-009F892E15D0}"
EndProject
Project("{FAE04EC0-301F-11D3-BF4B-00C04F79EFBC}") = "Lx.Tools.Projects.Sync", "Lx.Tools.Projects\Lx.Tools.Projects.Sync\Lx.Tools.Projects.Sync.csproj", "{D35153E9-4453-471E-9A5B-21265EF9399D}"
EndProject
Project("{FAE04EC0-301F-11D3-BF4B-00C04F79EFBC}") = "Lx.Tools.Projects.Tests", "Lx.Tools.Projects\Lx.Tools.Projects.Tests\Lx.Tools.Projects.Tests.csproj", "{830529CD-36CB-4997-9270-A723721FCD67}"
EndProject
Project("{FAE04EC0-301F-11D3-BF4B-00C04F79EFBC}") = "Lx.Tools.Tests.Reflection", "Lx.Tools.Tests\Lx.Tools.Tests.Reflection\Lx.Tools.Tests.Reflection.csproj", "{0DD28C19-DFC3-4243-8110-E09C0E10E8B2}"
EndProject
Project("{FAE04EC0-301F-11D3-BF4B-00C04F79EFBC}") = "Lx.Tools.Tests.Reflection.Tests", "Lx.Tools.Tests\Lx.Tools.Tests.Reflection.Tests\Lx.Tools.Tests.Reflection.Tests.csproj", "{3C66E8FA-6FC2-4E02-8E3B-C3B32E3C7CF3}"
EndProject
Global
	GlobalSection(SolutionConfigurationPlatforms) = preSolution
		Debug|Any CPU = Debug|Any CPU
		Release|Any CPU = Release|Any CPU
	EndGlobalSection
	GlobalSection(ProjectConfigurationPlatforms) = postSolution
		{693EB31C-CCDD-40C4-9E32-D5E4BB680D82}.Debug|Any CPU.ActiveCfg = Debug|Any CPU
		{693EB31C-CCDD-40C4-9E32-D5E4BB680D82}.Debug|Any CPU.Build.0 = Debug|Any CPU
		{693EB31C-CCDD-40C4-9E32-D5E4BB680D82}.Release|Any CPU.ActiveCfg = Release|Any CPU
		{693EB31C-CCDD-40C4-9E32-D5E4BB680D82}.Release|Any CPU.Build.0 = Release|Any CPU
		{D2B4BF5C-4783-4865-9616-893269C3EA80}.Debug|Any CPU.ActiveCfg = Debug|Any CPU
		{D2B4BF5C-4783-4865-9616-893269C3EA80}.Debug|Any CPU.Build.0 = Debug|Any CPU
		{D2B4BF5C-4783-4865-9616-893269C3EA80}.Release|Any CPU.ActiveCfg = Release|Any CPU
		{D2B4BF5C-4783-4865-9616-893269C3EA80}.Release|Any CPU.Build.0 = Release|Any CPU
		{38B7BAB4-345D-47A2-BAA2-274B9320E6A0}.Debug|Any CPU.ActiveCfg = Debug|Any CPU
		{38B7BAB4-345D-47A2-BAA2-274B9320E6A0}.Debug|Any CPU.Build.0 = Debug|Any CPU
		{38B7BAB4-345D-47A2-BAA2-274B9320E6A0}.Release|Any CPU.ActiveCfg = Release|Any CPU
		{38B7BAB4-345D-47A2-BAA2-274B9320E6A0}.Release|Any CPU.Build.0 = Release|Any CPU
		{A94546EB-1DFC-463E-9B26-C17E4B9DBC7F}.Debug|Any CPU.ActiveCfg = Debug|Any CPU
		{A94546EB-1DFC-463E-9B26-C17E4B9DBC7F}.Debug|Any CPU.Build.0 = Debug|Any CPU
		{A94546EB-1DFC-463E-9B26-C17E4B9DBC7F}.Release|Any CPU.ActiveCfg = Release|Any CPU
		{A94546EB-1DFC-463E-9B26-C17E4B9DBC7F}.Release|Any CPU.Build.0 = Release|Any CPU
		{6656E24C-B3E7-4331-9012-009F892E15D0}.Debug|Any CPU.ActiveCfg = Debug|Any CPU
		{6656E24C-B3E7-4331-9012-009F892E15D0}.Debug|Any CPU.Build.0 = Debug|Any CPU
		{6656E24C-B3E7-4331-9012-009F892E15D0}.Release|Any CPU.ActiveCfg = Release|Any CPU
		{6656E24C-B3E7-4331-9012-009F892E15D0}.Release|Any CPU.Build.0 = Release|Any CPU
		{D35153E9-4453-471E-9A5B-21265EF9399D}.Debug|Any CPU.ActiveCfg = Debug|Any CPU
		{D35153E9-4453-471E-9A5B-21265EF9399D}.Debug|Any CPU.Build.0 = Debug|Any CPU
		{D35153E9-4453-471E-9A5B-21265EF9399D}.Release|Any CPU.ActiveCfg = Release|Any CPU
		{D35153E9-4453-471E-9A5B-21265EF9399D}.Release|Any CPU.Build.0 = Release|Any CPU
		{830529CD-36CB-4997-9270-A723721FCD67}.Debug|Any CPU.ActiveCfg = Debug|Any CPU
		{830529CD-36CB-4997-9270-A723721FCD67}.Debug|Any CPU.Build.0 = Debug|Any CPU
		{830529CD-36CB-4997-9270-A723721FCD67}.Release|Any CPU.ActiveCfg = Release|Any CPU
		{830529CD-36CB-4997-9270-A723721FCD67}.Release|Any CPU.Build.0 = Release|Any CPU
		{0DD28C19-DFC3-4243-8110-E09C0E10E8B2}.Debug|Any CPU.ActiveCfg = Debug|Any CPU
		{0DD28C19-DFC3-4243-8110-E09C0E10E8B2}.Debug|Any CPU.Build.0 = Debug|Any CPU
		{0DD28C19-DFC3-4243-8110-E09C0E10E8B2}.Release|Any CPU.ActiveCfg = Release|Any CPU
		{0DD28C19-DFC3-4243-8110-E09C0E10E8B2}.Release|Any CPU.Build.0 = Release|Any CPU
		{3C66E8FA-6FC2-4E02-8E3B-C3B32E3C7CF3}.Debug|Any CPU.ActiveCfg = Debug|Any CPU
		{3C66E8FA-6FC2-4E02-8E3B-C3B32E3C7CF3}.Debug|Any CPU.Build.0 = Debug|Any CPU
		{3C66E8FA-6FC2-4E02-8E3B-C3B32E3C7CF3}.Release|Any CPU.ActiveCfg = Release|Any CPU
		{3C66E8FA-6FC2-4E02-8E3B-C3B32E3C7CF3}.Release|Any CPU.Build.0 = Release|Any CPU
	EndGlobalSection
	GlobalSection(SolutionProperties) = preSolution
		HideSolutionNode = FALSE
	EndGlobalSection
EndGlobal
